
Microsoft Visual Studio Solution File, Format Version 12.00
# Visual Studio Version 16
VisualStudioVersion = 16.0.30907.101
MinimumVisualStudioVersion = 10.0.40219.1
Project("{9A19103F-16F7-4668-BE54-9A1E7A4F7556}") = "Entities", "Entities\Entities.csproj", "{10EBC801-0EFF-4632-8ED5-18DD70E62C66}"
EndProject
Project("{9A19103F-16F7-4668-BE54-9A1E7A4F7556}") = "DataAccess", "DataAccess\DataAccess.csproj", "{3030FA99-2FF9-4420-B7D2-2C4796F678AC}"
EndProject
Project("{9A19103F-16F7-4668-BE54-9A1E7A4F7556}") = "Business", "Business\Business.csproj", "{2F8A6C6F-B929-4300-986E-75608140C8D8}"
EndProject
Project("{FAE04EC0-301F-11D3-BF4B-00C04F79EFBC}") = "ConsoleeUI", "ConsoleeUI\ConsoleeUI.csproj", "{0C36074B-4BC9-49DC-928B-AA6B1692A17A}"
EndProject
Global
	GlobalSection(SolutionConfigurationPlatforms) = preSolution
		Debug|Any CPU = Debug|Any CPU
		Release|Any CPU = Release|Any CPU
	EndGlobalSection
	GlobalSection(ProjectConfigurationPlatforms) = postSolution
		{10EBC801-0EFF-4632-8ED5-18DD70E62C66}.Debug|Any CPU.ActiveCfg = Debug|Any CPU
		{10EBC801-0EFF-4632-8ED5-18DD70E62C66}.Debug|Any CPU.Build.0 = Debug|Any CPU
		{10EBC801-0EFF-4632-8ED5-18DD70E62C66}.Release|Any CPU.ActiveCfg = Release|Any CPU
		{10EBC801-0EFF-4632-8ED5-18DD70E62C66}.Release|Any CPU.Build.0 = Release|Any CPU
		{3030FA99-2FF9-4420-B7D2-2C4796F678AC}.Debug|Any CPU.ActiveCfg = Debug|Any CPU
		{3030FA99-2FF9-4420-B7D2-2C4796F678AC}.Debug|Any CPU.Build.0 = Debug|Any CPU
		{3030FA99-2FF9-4420-B7D2-2C4796F678AC}.Release|Any CPU.ActiveCfg = Release|Any CPU
		{3030FA99-2FF9-4420-B7D2-2C4796F678AC}.Release|Any CPU.Build.0 = Release|Any CPU
		{2F8A6C6F-B929-4300-986E-75608140C8D8}.Debug|Any CPU.ActiveCfg = Debug|Any CPU
		{2F8A6C6F-B929-4300-986E-75608140C8D8}.Debug|Any CPU.Build.0 = Debug|Any CPU
		{2F8A6C6F-B929-4300-986E-75608140C8D8}.Release|Any CPU.ActiveCfg = Release|Any CPU
		{2F8A6C6F-B929-4300-986E-75608140C8D8}.Release|Any CPU.Build.0 = Release|Any CPU
		{0C36074B-4BC9-49DC-928B-AA6B1692A17A}.Debug|Any CPU.ActiveCfg = Debug|Any CPU
		{0C36074B-4BC9-49DC-928B-AA6B1692A17A}.Debug|Any CPU.Build.0 = Debug|Any CPU
		{0C36074B-4BC9-49DC-928B-AA6B1692A17A}.Release|Any CPU.ActiveCfg = Release|Any CPU
		{0C36074B-4BC9-49DC-928B-AA6B1692A17A}.Release|Any CPU.Build.0 = Release|Any CPU
	EndGlobalSection
	GlobalSection(SolutionProperties) = preSolution
		HideSolutionNode = FALSE
	EndGlobalSection
	GlobalSection(ExtensibilityGlobals) = postSolution
		SolutionGuid = {67D2128A-1D5F-4415-872E-264F600BB832}
	EndGlobalSection
EndGlobal
